
Microsoft Visual Studio Solution File, Format Version 12.00
# Visual Studio 15
VisualStudioVersion = 15.0.27004.2002
MinimumVisualStudioVersion = 10.0.40219.1
Project("{FAE04EC0-301F-11D3-BF4B-00C04F79EFBC}") = "Minedraft", "Minedraft\Minedraft.csproj", "{E3A39029-2F80-4777-B763-58C4CB8F41AB}"
EndProject
Global
	GlobalSection(SolutionConfigurationPlatforms) = preSolution
		Debug|Any CPU = Debug|Any CPU
		Release|Any CPU = Release|Any CPU
	EndGlobalSection
	GlobalSection(ProjectConfigurationPlatforms) = postSolution
		{E3A39029-2F80-4777-B763-58C4CB8F41AB}.Debug|Any CPU.ActiveCfg = Debug|Any CPU
		{E3A39029-2F80-4777-B763-58C4CB8F41AB}.Debug|Any CPU.Build.0 = Debug|Any CPU
		{E3A39029-2F80-4777-B763-58C4CB8F41AB}.Release|Any CPU.ActiveCfg = Release|Any CPU
		{E3A39029-2F80-4777-B763-58C4CB8F41AB}.Release|Any CPU.Build.0 = Release|Any CPU
	EndGlobalSection
	GlobalSection(SolutionProperties) = preSolution
		HideSolutionNode = FALSE
	EndGlobalSection
	GlobalSection(ExtensibilityGlobals) = postSolution
		SolutionGuid = {B8047380-CED6-4CBB-B543-4179D9127B92}
	EndGlobalSection
EndGlobal
