
Microsoft Visual Studio Solution File, Format Version 12.00
# Visual Studio 15
VisualStudioVersion = 15.0.27004.2002
MinimumVisualStudioVersion = 10.0.40219.1
Project("{FAE04EC0-301F-11D3-BF4B-00C04F79EFBC}") = "01.Stealer", "01.Stealer\01.Stealer.csproj", "{2C70352A-BF9C-4A30-ADF1-7FAD4766F898}"
EndProject
Project("{FAE04EC0-301F-11D3-BF4B-00C04F79EFBC}") = "02.HighQualityMistakes", "02.HighQualityMistakes\02.HighQualityMistakes.csproj", "{644A7A27-7503-47C2-AACC-749D50037BC2}"
EndProject
Project("{FAE04EC0-301F-11D3-BF4B-00C04F79EFBC}") = "03.MissionPrivateImpossible", "03.MissionPrivateImpossible\03.MissionPrivateImpossible.csproj", "{C9A1BCDE-65DD-44BC-B8C3-A0C841F6A1BC}"
EndProject
Project("{FAE04EC0-301F-11D3-BF4B-00C04F79EFBC}") = "04.Collector", "04.Collector\04.Collector.csproj", "{17C7C1A1-5A6C-4D66-A5D5-39CB5FCD5076}"
EndProject
Global
	GlobalSection(SolutionConfigurationPlatforms) = preSolution
		Debug|Any CPU = Debug|Any CPU
		Release|Any CPU = Release|Any CPU
	EndGlobalSection
	GlobalSection(ProjectConfigurationPlatforms) = postSolution
		{2C70352A-BF9C-4A30-ADF1-7FAD4766F898}.Debug|Any CPU.ActiveCfg = Debug|Any CPU
		{2C70352A-BF9C-4A30-ADF1-7FAD4766F898}.Debug|Any CPU.Build.0 = Debug|Any CPU
		{2C70352A-BF9C-4A30-ADF1-7FAD4766F898}.Release|Any CPU.ActiveCfg = Release|Any CPU
		{2C70352A-BF9C-4A30-ADF1-7FAD4766F898}.Release|Any CPU.Build.0 = Release|Any CPU
		{644A7A27-7503-47C2-AACC-749D50037BC2}.Debug|Any CPU.ActiveCfg = Debug|Any CPU
		{644A7A27-7503-47C2-AACC-749D50037BC2}.Debug|Any CPU.Build.0 = Debug|Any CPU
		{644A7A27-7503-47C2-AACC-749D50037BC2}.Release|Any CPU.ActiveCfg = Release|Any CPU
		{644A7A27-7503-47C2-AACC-749D50037BC2}.Release|Any CPU.Build.0 = Release|Any CPU
		{C9A1BCDE-65DD-44BC-B8C3-A0C841F6A1BC}.Debug|Any CPU.ActiveCfg = Debug|Any CPU
		{C9A1BCDE-65DD-44BC-B8C3-A0C841F6A1BC}.Debug|Any CPU.Build.0 = Debug|Any CPU
		{C9A1BCDE-65DD-44BC-B8C3-A0C841F6A1BC}.Release|Any CPU.ActiveCfg = Release|Any CPU
		{C9A1BCDE-65DD-44BC-B8C3-A0C841F6A1BC}.Release|Any CPU.Build.0 = Release|Any CPU
		{17C7C1A1-5A6C-4D66-A5D5-39CB5FCD5076}.Debug|Any CPU.ActiveCfg = Debug|Any CPU
		{17C7C1A1-5A6C-4D66-A5D5-39CB5FCD5076}.Debug|Any CPU.Build.0 = Debug|Any CPU
		{17C7C1A1-5A6C-4D66-A5D5-39CB5FCD5076}.Release|Any CPU.ActiveCfg = Release|Any CPU
		{17C7C1A1-5A6C-4D66-A5D5-39CB5FCD5076}.Release|Any CPU.Build.0 = Release|Any CPU
	EndGlobalSection
	GlobalSection(SolutionProperties) = preSolution
		HideSolutionNode = FALSE
	EndGlobalSection
	GlobalSection(ExtensibilityGlobals) = postSolution
		SolutionGuid = {2C84A5BD-3753-4C4E-8B78-42ABD70BD66F}
	EndGlobalSection
EndGlobal
