
Microsoft Visual Studio Solution File, Format Version 12.00
# Visual Studio 15
VisualStudioVersion = 15.0.27004.2002
MinimumVisualStudioVersion = 10.0.40219.1
Project("{FAE04EC0-301F-11D3-BF4B-00C04F79EFBC}") = "LastArmy", "LastArmy\LastArmy.csproj", "{FD8D8CD8-BBE4-4606-A26B-CA79199C3A23}"
EndProject
Project("{FAE04EC0-301F-11D3-BF4B-00C04F79EFBC}") = "LastArmy.Tests", "LastArmy.Tests\LastArmy.Tests.csproj", "{B236EEEF-C8D2-4CD6-A565-1FC060378DDD}"
EndProject
Global
	GlobalSection(SolutionConfigurationPlatforms) = preSolution
		Debug|Any CPU = Debug|Any CPU
		Release|Any CPU = Release|Any CPU
	EndGlobalSection
	GlobalSection(ProjectConfigurationPlatforms) = postSolution
		{FD8D8CD8-BBE4-4606-A26B-CA79199C3A23}.Debug|Any CPU.ActiveCfg = Debug|Any CPU
		{FD8D8CD8-BBE4-4606-A26B-CA79199C3A23}.Debug|Any CPU.Build.0 = Debug|Any CPU
		{FD8D8CD8-BBE4-4606-A26B-CA79199C3A23}.Release|Any CPU.ActiveCfg = Release|Any CPU
		{FD8D8CD8-BBE4-4606-A26B-CA79199C3A23}.Release|Any CPU.Build.0 = Release|Any CPU
		{B236EEEF-C8D2-4CD6-A565-1FC060378DDD}.Debug|Any CPU.ActiveCfg = Debug|Any CPU
		{B236EEEF-C8D2-4CD6-A565-1FC060378DDD}.Debug|Any CPU.Build.0 = Debug|Any CPU
		{B236EEEF-C8D2-4CD6-A565-1FC060378DDD}.Release|Any CPU.ActiveCfg = Release|Any CPU
		{B236EEEF-C8D2-4CD6-A565-1FC060378DDD}.Release|Any CPU.Build.0 = Release|Any CPU
	EndGlobalSection
	GlobalSection(SolutionProperties) = preSolution
		HideSolutionNode = FALSE
	EndGlobalSection
	GlobalSection(ExtensibilityGlobals) = postSolution
		SolutionGuid = {A07D473B-0529-4A52-ACBB-AC74D1A75A67}
	EndGlobalSection
EndGlobal
