
Microsoft Visual Studio Solution File, Format Version 12.00
# Visual Studio 15
VisualStudioVersion = 15.0.27004.2002
MinimumVisualStudioVersion = 10.0.40219.1
Project("{FAE04EC0-301F-11D3-BF4B-00C04F79EFBC}") = "Skeleton", "Skeleton\Skeleton.csproj", "{F5FBB9BD-7BA9-466C-B77A-6784DD29F785}"
EndProject
Project("{FAE04EC0-301F-11D3-BF4B-00C04F79EFBC}") = "SkeletonTests", "SkeletonTests\SkeletonTests.csproj", "{5396F525-2981-4849-B57B-1BE1F7FBF12A}"
EndProject
Global
	GlobalSection(SolutionConfigurationPlatforms) = preSolution
		Debug|Any CPU = Debug|Any CPU
		Release|Any CPU = Release|Any CPU
	EndGlobalSection
	GlobalSection(ProjectConfigurationPlatforms) = postSolution
		{F5FBB9BD-7BA9-466C-B77A-6784DD29F785}.Debug|Any CPU.ActiveCfg = Debug|Any CPU
		{F5FBB9BD-7BA9-466C-B77A-6784DD29F785}.Debug|Any CPU.Build.0 = Debug|Any CPU
		{F5FBB9BD-7BA9-466C-B77A-6784DD29F785}.Release|Any CPU.ActiveCfg = Release|Any CPU
		{F5FBB9BD-7BA9-466C-B77A-6784DD29F785}.Release|Any CPU.Build.0 = Release|Any CPU
		{5396F525-2981-4849-B57B-1BE1F7FBF12A}.Debug|Any CPU.ActiveCfg = Debug|Any CPU
		{5396F525-2981-4849-B57B-1BE1F7FBF12A}.Debug|Any CPU.Build.0 = Debug|Any CPU
		{5396F525-2981-4849-B57B-1BE1F7FBF12A}.Release|Any CPU.ActiveCfg = Release|Any CPU
		{5396F525-2981-4849-B57B-1BE1F7FBF12A}.Release|Any CPU.Build.0 = Release|Any CPU
	EndGlobalSection
	GlobalSection(SolutionProperties) = preSolution
		HideSolutionNode = FALSE
	EndGlobalSection
	GlobalSection(ExtensibilityGlobals) = postSolution
		SolutionGuid = {8355B471-4619-4701-8A31-59C6F68A234C}
	EndGlobalSection
EndGlobal
